// !$*UTF8*$!
{
	archiveVersion = 1;
	classes = {
	};
	objectVersion = 50;
	objects = {

/* Begin PBXBuildFile section */
		30F2A2F6265453E00098DB2E /* AppDelegate.swift in Sources */ = {isa = PBXBuildFile; fileRef = 30F2A2F5265453E00098DB2E /* AppDelegate.swift */; };
		30F2A2F8265453E00098DB2E /* SceneDelegate.swift in Sources */ = {isa = PBXBuildFile; fileRef = 30F2A2F7265453E00098DB2E /* SceneDelegate.swift */; };
		30F2A2FA265453E00098DB2E /* ViewController.swift in Sources */ = {isa = PBXBuildFile; fileRef = 30F2A2F9265453E00098DB2E /* ViewController.swift */; };
		30F2A2FD265453E00098DB2E /* Main.storyboard in Resources */ = {isa = PBXBuildFile; fileRef = 30F2A2FB265453E00098DB2E /* Main.storyboard */; };
		30F2A2FF265453E10098DB2E /* Assets.xcassets in Resources */ = {isa = PBXBuildFile; fileRef = 30F2A2FE265453E10098DB2E /* Assets.xcassets */; };
		30F2A302265453E10098DB2E /* LaunchScreen.storyboard in Resources */ = {isa = PBXBuildFile; fileRef = 30F2A300265453E10098DB2E /* LaunchScreen.storyboard */; };
		30F2A30D265453E10098DB2E /* BitcoinTests.swift in Sources */ = {isa = PBXBuildFile; fileRef = 30F2A30C265453E10098DB2E /* BitcoinTests.swift */; };
		30F2A318265453E10098DB2E /* BitcoinUITests.swift in Sources */ = {isa = PBXBuildFile; fileRef = 30F2A317265453E10098DB2E /* BitcoinUITests.swift */; };
/* End PBXBuildFile section */

/* Begin PBXContainerItemProxy section */
		30F2A309265453E10098DB2E /* PBXContainerItemProxy */ = {
			isa = PBXContainerItemProxy;
			containerPortal = 30F2A2EA265453E00098DB2E /* Project object */;
			proxyType = 1;
			remoteGlobalIDString = 30F2A2F1265453E00098DB2E;
			remoteInfo = Bitcoin;
		};
		30F2A314265453E10098DB2E /* PBXContainerItemProxy */ = {
			isa = PBXContainerItemProxy;
			containerPortal = 30F2A2EA265453E00098DB2E /* Project object */;
			proxyType = 1;
			remoteGlobalIDString = 30F2A2F1265453E00098DB2E;
			remoteInfo = Bitcoin;
		};
/* End PBXContainerItemProxy section */

/* Begin PBXFileReference section */
		30F2A2F2265453E00098DB2E /* Bitcoin.app */ = {isa = PBXFileReference; explicitFileType = wrapper.application; includeInIndex = 0; path = Bitcoin.app; sourceTree = BUILT_PRODUCTS_DIR; };
		30F2A2F5265453E00098DB2E /* AppDelegate.swift */ = {isa = PBXFileReference; lastKnownFileType = sourcecode.swift; path = AppDelegate.swift; sourceTree = "<group>"; };
		30F2A2F7265453E00098DB2E /* SceneDelegate.swift */ = {isa = PBXFileReference; lastKnownFileType = sourcecode.swift; path = SceneDelegate.swift; sourceTree = "<group>"; };
		30F2A2F9265453E00098DB2E /* ViewController.swift */ = {isa = PBXFileReference; lastKnownFileType = sourcecode.swift; path = ViewController.swift; sourceTree = "<group>"; };
		30F2A2FC265453E00098DB2E /* Base */ = {isa = PBXFileReference; lastKnownFileType = file.storyboard; name = Base; path = Base.lproj/Main.storyboard; sourceTree = "<group>"; };
		30F2A2FE265453E10098DB2E /* Assets.xcassets */ = {isa = PBXFileReference; lastKnownFileType = folder.assetcatalog; path = Assets.xcassets; sourceTree = "<group>"; };
		30F2A301265453E10098DB2E /* Base */ = {isa = PBXFileReference; lastKnownFileType = file.storyboard; name = Base; path = Base.lproj/LaunchScreen.storyboard; sourceTree = "<group>"; };
		30F2A303265453E10098DB2E /* Info.plist */ = {isa = PBXFileReference; lastKnownFileType = text.plist.xml; path = Info.plist; sourceTree = "<group>"; };
		30F2A308265453E10098DB2E /* BitcoinTests.xctest */ = {isa = PBXFileReference; explicitFileType = wrapper.cfbundle; includeInIndex = 0; path = BitcoinTests.xctest; sourceTree = BUILT_PRODUCTS_DIR; };
		30F2A30C265453E10098DB2E /* BitcoinTests.swift */ = {isa = PBXFileReference; lastKnownFileType = sourcecode.swift; path = BitcoinTests.swift; sourceTree = "<group>"; };
		30F2A30E265453E10098DB2E /* Info.plist */ = {isa = PBXFileReference; lastKnownFileType = text.plist.xml; path = Info.plist; sourceTree = "<group>"; };
		30F2A313265453E10098DB2E /* BitcoinUITests.xctest */ = {isa = PBXFileReference; explicitFileType = wrapper.cfbundle; includeInIndex = 0; path = BitcoinUITests.xctest; sourceTree = BUILT_PRODUCTS_DIR; };
		30F2A317265453E10098DB2E /* BitcoinUITests.swift */ = {isa = PBXFileReference; lastKnownFileType = sourcecode.swift; path = BitcoinUITests.swift; sourceTree = "<group>"; };
		30F2A319265453E10098DB2E /* Info.plist */ = {isa = PBXFileReference; lastKnownFileType = text.plist.xml; path = Info.plist; sourceTree = "<group>"; };
/* End PBXFileReference section */

/* Begin PBXFrameworksBuildPhase section */
		30F2A2EF265453E00098DB2E /* Frameworks */ = {
			isa = PBXFrameworksBuildPhase;
			buildActionMask = 2147483647;
			files = (
			);
			runOnlyForDeploymentPostprocessing = 0;
		};
		30F2A305265453E10098DB2E /* Frameworks */ = {
			isa = PBXFrameworksBuildPhase;
			buildActionMask = 2147483647;
			files = (
			);
			runOnlyForDeploymentPostprocessing = 0;
		};
		30F2A310265453E10098DB2E /* Frameworks */ = {
			isa = PBXFrameworksBuildPhase;
			buildActionMask = 2147483647;
			files = (
			);
			runOnlyForDeploymentPostprocessing = 0;
		};
/* End PBXFrameworksBuildPhase section */

/* Begin PBXGroup section */
		30F2A2E9265453E00098DB2E = {
			isa = PBXGroup;
			children = (
				30F2A2F4265453E00098DB2E /* Bitcoin */,
				30F2A30B265453E10098DB2E /* BitcoinTests */,
				30F2A316265453E10098DB2E /* BitcoinUITests */,
				30F2A2F3265453E00098DB2E /* Products */,
			);
			sourceTree = "<group>";
		};
		30F2A2F3265453E00098DB2E /* Products */ = {
			isa = PBXGroup;
			children = (
				30F2A2F2265453E00098DB2E /* Bitcoin.app */,
				30F2A308265453E10098DB2E /* BitcoinTests.xctest */,
				30F2A313265453E10098DB2E /* BitcoinUITests.xctest */,
			);
			name = Products;
			sourceTree = "<group>";
		};
		30F2A2F4265453E00098DB2E /* Bitcoin */ = {
			isa = PBXGroup;
			children = (
				30F2A2F5265453E00098DB2E /* AppDelegate.swift */,
				30F2A2F7265453E00098DB2E /* SceneDelegate.swift */,
				30F2A2F9265453E00098DB2E /* ViewController.swift */,
				30F2A2FB265453E00098DB2E /* Main.storyboard */,
				30F2A2FE265453E10098DB2E /* Assets.xcassets */,
				30F2A300265453E10098DB2E /* LaunchScreen.storyboard */,
				30F2A303265453E10098DB2E /* Info.plist */,
			);
			path = Bitcoin;
			sourceTree = "<group>";
		};
		30F2A30B265453E10098DB2E /* BitcoinTests */ = {
			isa = PBXGroup;
			children = (
				30F2A30C265453E10098DB2E /* BitcoinTests.swift */,
				30F2A30E265453E10098DB2E /* Info.plist */,
			);
			path = BitcoinTests;
			sourceTree = "<group>";
		};
		30F2A316265453E10098DB2E /* BitcoinUITests */ = {
			isa = PBXGroup;
			children = (
				30F2A317265453E10098DB2E /* BitcoinUITests.swift */,
				30F2A319265453E10098DB2E /* Info.plist */,
			);
			path = BitcoinUITests;
			sourceTree = "<group>";
		};
/* End PBXGroup section */

/* Begin PBXNativeTarget section */
		30F2A2F1265453E00098DB2E /* Bitcoin */ = {
			isa = PBXNativeTarget;
			buildConfigurationList = 30F2A31C265453E10098DB2E /* Build configuration list for PBXNativeTarget "Bitcoin" */;
			buildPhases = (
				30F2A2EE265453E00098DB2E /* Sources */,
				30F2A2EF265453E00098DB2E /* Frameworks */,
				30F2A2F0265453E00098DB2E /* Resources */,
			);
			buildRules = (
			);
			dependencies = (
			);
			name = Bitcoin;
			productName = Bitcoin;
			productReference = 30F2A2F2265453E00098DB2E /* Bitcoin.app */;
			productType = "com.apple.product-type.application";
		};
		30F2A307265453E10098DB2E /* BitcoinTests */ = {
			isa = PBXNativeTarget;
			buildConfigurationList = 30F2A31F265453E10098DB2E /* Build configuration list for PBXNativeTarget "BitcoinTests" */;
			buildPhases = (
				30F2A304265453E10098DB2E /* Sources */,
				30F2A305265453E10098DB2E /* Frameworks */,
				30F2A306265453E10098DB2E /* Resources */,
			);
			buildRules = (
			);
			dependencies = (
				30F2A30A265453E10098DB2E /* PBXTargetDependency */,
			);
			name = BitcoinTests;
			productName = BitcoinTests;
			productReference = 30F2A308265453E10098DB2E /* BitcoinTests.xctest */;
			productType = "com.apple.product-type.bundle.unit-test";
		};
		30F2A312265453E10098DB2E /* BitcoinUITests */ = {
			isa = PBXNativeTarget;
			buildConfigurationList = 30F2A322265453E10098DB2E /* Build configuration list for PBXNativeTarget "BitcoinUITests" */;
			buildPhases = (
				30F2A30F265453E10098DB2E /* Sources */,
				30F2A310265453E10098DB2E /* Frameworks */,
				30F2A311265453E10098DB2E /* Resources */,
			);
			buildRules = (
			);
			dependencies = (
				30F2A315265453E10098DB2E /* PBXTargetDependency */,
			);
			name = BitcoinUITests;
			productName = BitcoinUITests;
			productReference = 30F2A313265453E10098DB2E /* BitcoinUITests.xctest */;
			productType = "com.apple.product-type.bundle.ui-testing";
		};
/* End PBXNativeTarget section */

/* Begin PBXProject section */
		30F2A2EA265453E00098DB2E /* Project object */ = {
			isa = PBXProject;
			attributes = {
				LastSwiftUpdateCheck = 1220;
				LastUpgradeCheck = 1220;
				TargetAttributes = {
					30F2A2F1265453E00098DB2E = {
						CreatedOnToolsVersion = 12.2;
					};
					30F2A307265453E10098DB2E = {
						CreatedOnToolsVersion = 12.2;
						TestTargetID = 30F2A2F1265453E00098DB2E;
					};
					30F2A312265453E10098DB2E = {
						CreatedOnToolsVersion = 12.2;
						TestTargetID = 30F2A2F1265453E00098DB2E;
					};
				};
			};
			buildConfigurationList = 30F2A2ED265453E00098DB2E /* Build configuration list for PBXProject "Bitcoin" */;
			compatibilityVersion = "Xcode 9.3";
			developmentRegion = en;
			hasScannedForEncodings = 0;
			knownRegions = (
				en,
				Base,
			);
			mainGroup = 30F2A2E9265453E00098DB2E;
			productRefGroup = 30F2A2F3265453E00098DB2E /* Products */;
			projectDirPath = "";
			projectRoot = "";
			targets = (
				30F2A2F1265453E00098DB2E /* Bitcoin */,
				30F2A307265453E10098DB2E /* BitcoinTests */,
				30F2A312265453E10098DB2E /* BitcoinUITests */,
			);
		};
/* End PBXProject section */

/* Begin PBXResourcesBuildPhase section */
		30F2A2F0265453E00098DB2E /* Resources */ = {
			isa = PBXResourcesBuildPhase;
			buildActionMask = 2147483647;
			files = (
				30F2A302265453E10098DB2E /* LaunchScreen.storyboard in Resources */,
				30F2A2FF265453E10098DB2E /* Assets.xcassets in Resources */,
				30F2A2FD265453E00098DB2E /* Main.storyboard in Resources */,
			);
			runOnlyForDeploymentPostprocessing = 0;
		};
		30F2A306265453E10098DB2E /* Resources */ = {
			isa = PBXResourcesBuildPhase;
			buildActionMask = 2147483647;
			files = (
			);
			runOnlyForDeploymentPostprocessing = 0;
		};
		30F2A311265453E10098DB2E /* Resources */ = {
			isa = PBXResourcesBuildPhase;
			buildActionMask = 2147483647;
			files = (
			);
			runOnlyForDeploymentPostprocessing = 0;
		};
/* End PBXResourcesBuildPhase section */

/* Begin PBXSourcesBuildPhase section */
		30F2A2EE265453E00098DB2E /* Sources */ = {
			isa = PBXSourcesBuildPhase;
			buildActionMask = 2147483647;
			files = (
				30F2A2FA265453E00098DB2E /* ViewController.swift in Sources */,
				30F2A2F6265453E00098DB2E /* AppDelegate.swift in Sources */,
				30F2A2F8265453E00098DB2E /* SceneDelegate.swift in Sources */,
			);
			runOnlyForDeploymentPostprocessing = 0;
		};
		30F2A304265453E10098DB2E /* Sources */ = {
			isa = PBXSourcesBuildPhase;
			buildActionMask = 2147483647;
			files = (
				30F2A30D265453E10098DB2E /* BitcoinTests.swift in Sources */,
			);
			runOnlyForDeploymentPostprocessing = 0;
		};
		30F2A30F265453E10098DB2E /* Sources */ = {
			isa = PBXSourcesBuildPhase;
			buildActionMask = 2147483647;
			files = (
				30F2A318265453E10098DB2E /* BitcoinUITests.swift in Sources */,
			);
			runOnlyForDeploymentPostprocessing = 0;
		};
/* End PBXSourcesBuildPhase section */

/* Begin PBXTargetDependency section */
		30F2A30A265453E10098DB2E /* PBXTargetDependency */ = {
			isa = PBXTargetDependency;
			target = 30F2A2F1265453E00098DB2E /* Bitcoin */;
			targetProxy = 30F2A309265453E10098DB2E /* PBXContainerItemProxy */;
		};
		30F2A315265453E10098DB2E /* PBXTargetDependency */ = {
			isa = PBXTargetDependency;
			target = 30F2A2F1265453E00098DB2E /* Bitcoin */;
			targetProxy = 30F2A314265453E10098DB2E /* PBXContainerItemProxy */;
		};
/* End PBXTargetDependency section */

/* Begin PBXVariantGroup section */
		30F2A2FB265453E00098DB2E /* Main.storyboard */ = {
			isa = PBXVariantGroup;
			children = (
				30F2A2FC265453E00098DB2E /* Base */,
			);
			name = Main.storyboard;
			sourceTree = "<group>";
		};
		30F2A300265453E10098DB2E /* LaunchScreen.storyboard */ = {
			isa = PBXVariantGroup;
			children = (
				30F2A301265453E10098DB2E /* Base */,
			);
			name = LaunchScreen.storyboard;
			sourceTree = "<group>";
		};
/* End PBXVariantGroup section */

/* Begin XCBuildConfiguration section */
		30F2A31A265453E10098DB2E /* Debug */ = {
			isa = XCBuildConfiguration;
			buildSettings = {
				ALWAYS_SEARCH_USER_PATHS = NO;
				CLANG_ANALYZER_NONNULL = YES;
				CLANG_ANALYZER_NUMBER_OBJECT_CONVERSION = YES_AGGRESSIVE;
				CLANG_CXX_LANGUAGE_STANDARD = "gnu++14";
				CLANG_CXX_LIBRARY = "libc++";
				CLANG_ENABLE_MODULES = YES;
				CLANG_ENABLE_OBJC_ARC = YES;
				CLANG_ENABLE_OBJC_WEAK = YES;
				CLANG_WARN_BLOCK_CAPTURE_AUTORELEASING = YES;
				CLANG_WARN_BOOL_CONVERSION = YES;
				CLANG_WARN_COMMA = YES;
				CLANG_WARN_CONSTANT_CONVERSION = YES;
				CLANG_WARN_DEPRECATED_OBJC_IMPLEMENTATIONS = YES;
				CLANG_WARN_DIRECT_OBJC_ISA_USAGE = YES_ERROR;
				CLANG_WARN_DOCUMENTATION_COMMENTS = YES;
				CLANG_WARN_EMPTY_BODY = YES;
				CLANG_WARN_ENUM_CONVERSION = YES;
				CLANG_WARN_INFINITE_RECURSION = YES;
				CLANG_WARN_INT_CONVERSION = YES;
				CLANG_WARN_NON_LITERAL_NULL_CONVERSION = YES;
				CLANG_WARN_OBJC_IMPLICIT_RETAIN_SELF = YES;
				CLANG_WARN_OBJC_LITERAL_CONVERSION = YES;
				CLANG_WARN_OBJC_ROOT_CLASS = YES_ERROR;
				CLANG_WARN_QUOTED_INCLUDE_IN_FRAMEWORK_HEADER = YES;
				CLANG_WARN_RANGE_LOOP_ANALYSIS = YES;
				CLANG_WARN_STRICT_PROTOTYPES = YES;
				CLANG_WARN_SUSPICIOUS_MOVE = YES;
				CLANG_WARN_UNGUARDED_AVAILABILITY = YES_AGGRESSIVE;
				CLANG_WARN_UNREACHABLE_CODE = YES;
				CLANG_WARN__DUPLICATE_METHOD_MATCH = YES;
				COPY_PHASE_STRIP = NO;
				DEBUG_INFORMATION_FORMAT = dwarf;
				ENABLE_STRICT_OBJC_MSGSEND = YES;
				ENABLE_TESTABILITY = YES;
				GCC_C_LANGUAGE_STANDARD = gnu11;
				GCC_DYNAMIC_NO_PIC = NO;
				GCC_NO_COMMON_BLOCKS = YES;
				GCC_OPTIMIZATION_LEVEL = 0;
				GCC_PREPROCESSOR_DEFINITIONS = (
					"DEBUG=1",
					"$(inherited)",
				);
				GCC_WARN_64_TO_32_BIT_CONVERSION = YES;
				GCC_WARN_ABOUT_RETURN_TYPE = YES_ERROR;
				GCC_WARN_UNDECLARED_SELECTOR = YES;
				GCC_WARN_UNINITIALIZED_AUTOS = YES_AGGRESSIVE;
				GCC_WARN_UNUSED_FUNCTION = YES;
				GCC_WARN_UNUSED_VARIABLE = YES;
				IPHONEOS_DEPLOYMENT_TARGET = 14.2;
				MTL_ENABLE_DEBUG_INFO = INCLUDE_SOURCE;
				MTL_FAST_MATH = YES;
				ONLY_ACTIVE_ARCH = YES;
				SDKROOT = iphoneos;
				SWIFT_ACTIVE_COMPILATION_CONDITIONS = DEBUG;
				SWIFT_OPTIMIZATION_LEVEL = "-Onone";
			};
			name = Debug;
		};
		30F2A31B265453E10098DB2E /* Release */ = {
			isa = XCBuildConfiguration;
			buildSettings = {
				ALWAYS_SEARCH_USER_PATHS = NO;
				CLANG_ANALYZER_NONNULL = YES;
				CLANG_ANALYZER_NUMBER_OBJECT_CONVERSION = YES_AGGRESSIVE;
				CLANG_CXX_LANGUAGE_STANDARD = "gnu++14";
				CLANG_CXX_LIBRARY = "libc++";
				CLANG_ENABLE_MODULES = YES;
				CLANG_ENABLE_OBJC_ARC = YES;
				CLANG_ENABLE_OBJC_WEAK = YES;
				CLANG_WARN_BLOCK_CAPTURE_AUTORELEASING = YES;
				CLANG_WARN_BOOL_CONVERSION = YES;
				CLANG_WARN_COMMA = YES;
				CLANG_WARN_CONSTANT_CONVERSION = YES;
				CLANG_WARN_DEPRECATED_OBJC_IMPLEMENTATIONS = YES;
				CLANG_WARN_DIRECT_OBJC_ISA_USAGE = YES_ERROR;
				CLANG_WARN_DOCUMENTATION_COMMENTS = YES;
				CLANG_WARN_EMPTY_BODY = YES;
				CLANG_WARN_ENUM_CONVERSION = YES;
				CLANG_WARN_INFINITE_RECURSION = YES;
				CLANG_WARN_INT_CONVERSION = YES;
				CLANG_WARN_NON_LITERAL_NULL_CONVERSION = YES;
				CLANG_WARN_OBJC_IMPLICIT_RETAIN_SELF = YES;
				CLANG_WARN_OBJC_LITERAL_CONVERSION = YES;
				CLANG_WARN_OBJC_ROOT_CLASS = YES_ERROR;
				CLANG_WARN_QUOTED_INCLUDE_IN_FRAMEWORK_HEADER = YES;
				CLANG_WARN_RANGE_LOOP_ANALYSIS = YES;
				CLANG_WARN_STRICT_PROTOTYPES = YES;
				CLANG_WARN_SUSPICIOUS_MOVE = YES;
				CLANG_WARN_UNGUARDED_AVAILABILITY = YES_AGGRESSIVE;
				CLANG_WARN_UNREACHABLE_CODE = YES;
				CLANG_WARN__DUPLICATE_METHOD_MATCH = YES;
				COPY_PHASE_STRIP = NO;
				DEBUG_INFORMATION_FORMAT = "dwarf-with-dsym";
				ENABLE_NS_ASSERTIONS = NO;
				ENABLE_STRICT_OBJC_MSGSEND = YES;
				GCC_C_LANGUAGE_STANDARD = gnu11;
				GCC_NO_COMMON_BLOCKS = YES;
				GCC_WARN_64_TO_32_BIT_CONVERSION = YES;
				GCC_WARN_ABOUT_RETURN_TYPE = YES_ERROR;
				GCC_WARN_UNDECLARED_SELECTOR = YES;
				GCC_WARN_UNINITIALIZED_AUTOS = YES_AGGRESSIVE;
				GCC_WARN_UNUSED_FUNCTION = YES;
				GCC_WARN_UNUSED_VARIABLE = YES;
				IPHONEOS_DEPLOYMENT_TARGET = 14.2;
				MTL_ENABLE_DEBUG_INFO = NO;
				MTL_FAST_MATH = YES;
				SDKROOT = iphoneos;
				SWIFT_COMPILATION_MODE = wholemodule;
				SWIFT_OPTIMIZATION_LEVEL = "-O";
				VALIDATE_PRODUCT = YES;
			};
			name = Release;
		};
		30F2A31D265453E10098DB2E /* Debug */ = {
			isa = XCBuildConfiguration;
			buildSettings = {
				ASSETCATALOG_COMPILER_APPICON_NAME = AppIcon;
				ASSETCATALOG_COMPILER_GLOBAL_ACCENT_COLOR_NAME = AccentColor;
				CODE_SIGN_STYLE = Automatic;
				INFOPLIST_FILE = Bitcoin/Info.plist;
				LD_RUNPATH_SEARCH_PATHS = (
					"$(inherited)",
					"@executable_path/Frameworks",
				);
				PRODUCT_BUNDLE_IDENTIFIER = "Douglas-Uyemura.Bitcoin";
				PRODUCT_NAME = "$(TARGET_NAME)";
				SWIFT_VERSION = 5.0;
				TARGETED_DEVICE_FAMILY = "1,2";
			};
			name = Debug;
		};
		30F2A31E265453E10098DB2E /* Release */ = {
			isa = XCBuildConfiguration;
			buildSettings = {
				ASSETCATALOG_COMPILER_APPICON_NAME = AppIcon;
				ASSETCATALOG_COMPILER_GLOBAL_ACCENT_COLOR_NAME = AccentColor;
				CODE_SIGN_STYLE = Automatic;
				INFOPLIST_FILE = Bitcoin/Info.plist;
				LD_RUNPATH_SEARCH_PATHS = (
					"$(inherited)",
					"@executable_path/Frameworks",
				);
				PRODUCT_BUNDLE_IDENTIFIER = "Douglas-Uyemura.Bitcoin";
				PRODUCT_NAME = "$(TARGET_NAME)";
				SWIFT_VERSION = 5.0;
				TARGETED_DEVICE_FAMILY = "1,2";
			};
			name = Release;
		};
		30F2A320265453E10098DB2E /* Debug */ = {
			isa = XCBuildConfiguration;
			buildSettings = {
				ALWAYS_EMBED_SWIFT_STANDARD_LIBRARIES = YES;
				BUNDLE_LOADER = "$(TEST_HOST)";
				CODE_SIGN_STYLE = Automatic;
				INFOPLIST_FILE = BitcoinTests/Info.plist;
				IPHONEOS_DEPLOYMENT_TARGET = 14.2;
				LD_RUNPATH_SEARCH_PATHS = (
					"$(inherited)",
					"@executable_path/Frameworks",
					"@loader_path/Frameworks",
				);
				PRODUCT_BUNDLE_IDENTIFIER = "Douglas-Uyemura.BitcoinTests";
				PRODUCT_NAME = "$(TARGET_NAME)";
				SWIFT_VERSION = 5.0;
				TARGETED_DEVICE_FAMILY = "1,2";
				TEST_HOST = "$(BUILT_PRODUCTS_DIR)/Bitcoin.app/Bitcoin";
			};
			name = Debug;
		};
		30F2A321265453E10098DB2E /* Release */ = {
			isa = XCBuildConfiguration;
			buildSettings = {
				ALWAYS_EMBED_SWIFT_STANDARD_LIBRARIES = YES;
				BUNDLE_LOADER = "$(TEST_HOST)";
				CODE_SIGN_STYLE = Automatic;
				INFOPLIST_FILE = BitcoinTests/Info.plist;
				IPHONEOS_DEPLOYMENT_TARGET = 14.2;
				LD_RUNPATH_SEARCH_PATHS = (
					"$(inherited)",
					"@executable_path/Frameworks",
					"@loader_path/Frameworks",
				);
				PRODUCT_BUNDLE_IDENTIFIER = "Douglas-Uyemura.BitcoinTests";
				PRODUCT_NAME = "$(TARGET_NAME)";
				SWIFT_VERSION = 5.0;
				TARGETED_DEVICE_FAMILY = "1,2";
				TEST_HOST = "$(BUILT_PRODUCTS_DIR)/Bitcoin.app/Bitcoin";
			};
			name = Release;
		};
		30F2A323265453E10098DB2E /* Debug */ = {
			isa = XCBuildConfiguration;
			buildSettings = {
				ALWAYS_EMBED_SWIFT_STANDARD_LIBRARIES = YES;
				CODE_SIGN_STYLE = Automatic;
				INFOPLIST_FILE = BitcoinUITests/Info.plist;
				LD_RUNPATH_SEARCH_PATHS = (
					"$(inherited)",
					"@executable_path/Frameworks",
					"@loader_path/Frameworks",
				);
				PRODUCT_BUNDLE_IDENTIFIER = "Douglas-Uyemura.BitcoinUITests";
				PRODUCT_NAME = "$(TARGET_NAME)";
				SWIFT_VERSION = 5.0;
				TARGETED_DEVICE_FAMILY = "1,2";
				TEST_TARGET_NAME = Bitcoin;
			};
			name = Debug;
		};
		30F2A324265453E10098DB2E /* Release */ = {
			isa = XCBuildConfiguration;
			buildSettings = {
				ALWAYS_EMBED_SWIFT_STANDARD_LIBRARIES = YES;
				CODE_SIGN_STYLE = Automatic;
				INFOPLIST_FILE = BitcoinUITests/Info.plist;
				LD_RUNPATH_SEARCH_PATHS = (
					"$(inherited)",
					"@executable_path/Frameworks",
					"@loader_path/Frameworks",
				);
				PRODUCT_BUNDLE_IDENTIFIER = "Douglas-Uyemura.BitcoinUITests";
				PRODUCT_NAME = "$(TARGET_NAME)";
				SWIFT_VERSION = 5.0;
				TARGETED_DEVICE_FAMILY = "1,2";
				TEST_TARGET_NAME = Bitcoin;
			};
			name = Release;
		};
/* End XCBuildConfiguration section */

/* Begin XCConfigurationList section */
		30F2A2ED265453E00098DB2E /* Build configuration list for PBXProject "Bitcoin" */ = {
			isa = XCConfigurationList;
			buildConfigurations = (
				30F2A31A265453E10098DB2E /* Debug */,
				30F2A31B265453E10098DB2E /* Release */,
			);
			defaultConfigurationIsVisible = 0;
			defaultConfigurationName = Release;
		};
		30F2A31C265453E10098DB2E /* Build configuration list for PBXNativeTarget "Bitcoin" */ = {
			isa = XCConfigurationList;
			buildConfigurations = (
				30F2A31D265453E10098DB2E /* Debug */,
				30F2A31E265453E10098DB2E /* Release */,
			);
			defaultConfigurationIsVisible = 0;
			defaultConfigurationName = Release;
		};
		30F2A31F265453E10098DB2E /* Build configuration list for PBXNativeTarget "BitcoinTests" */ = {
			isa = XCConfigurationList;
			buildConfigurations = (
				30F2A320265453E10098DB2E /* Debug */,
				30F2A321265453E10098DB2E /* Release */,
			);
			defaultConfigurationIsVisible = 0;
			defaultConfigurationName = Release;
		};
		30F2A322265453E10098DB2E /* Build configuration list for PBXNativeTarget "BitcoinUITests" */ = {
			isa = XCConfigurationList;
			buildConfigurations = (
				30F2A323265453E10098DB2E /* Debug */,
				30F2A324265453E10098DB2E /* Release */,
			);
			defaultConfigurationIsVisible = 0;
			defaultConfigurationName = Release;
		};
/* End XCConfigurationList section */
	};
	rootObject = 30F2A2EA265453E00098DB2E /* Project object */;
}
